
Microsoft Visual Studio Solution File, Format Version 12.00
# Visual Studio Version 16
VisualStudioVersion = 16.0.28803.202
MinimumVisualStudioVersion = 10.0.40219.1
Project("{FAE04EC0-301F-11D3-BF4B-00C04F79EFBC}") = "Compiladoress", "Compiladoress\Compiladoress.csproj", "{3DF2E426-3803-4253-8981-B4D6FA3DBEED}"
EndProject
Global
	GlobalSection(SolutionConfigurationPlatforms) = preSolution
		Debug|Any CPU = Debug|Any CPU
		Release|Any CPU = Release|Any CPU
	EndGlobalSection
	GlobalSection(ProjectConfigurationPlatforms) = postSolution
		{3DF2E426-3803-4253-8981-B4D6FA3DBEED}.Debug|Any CPU.ActiveCfg = Debug|Any CPU
		{3DF2E426-3803-4253-8981-B4D6FA3DBEED}.Debug|Any CPU.Build.0 = Debug|Any CPU
		{3DF2E426-3803-4253-8981-B4D6FA3DBEED}.Release|Any CPU.ActiveCfg = Release|Any CPU
		{3DF2E426-3803-4253-8981-B4D6FA3DBEED}.Release|Any CPU.Build.0 = Release|Any CPU
	EndGlobalSection
	GlobalSection(SolutionProperties) = preSolution
		HideSolutionNode = FALSE
	EndGlobalSection
	GlobalSection(ExtensibilityGlobals) = postSolution
		SolutionGuid = {AEB49B23-AB39-452D-B6CA-93E3A69246A5}
	EndGlobalSection
EndGlobal
